Microsoft Visual Studio Solution File, Format Version 12.00
# Visual Studio Version 17
VisualStudioVersion = 17.13.35617.110
MinimumVisualStudioVersion = 10.0.40219.1
Project("{2150E333-8FDC-42A3-9474-1A3956D46DE8}") = "Solution Items", "Solution Items", "{089100B1-113F-4E66-888A-E83F3999EAFD}"
	ProjectSection(SolutionItems) = preProject
		.editorconfig = .editorconfig
	EndProjectSection
EndProject
Project("{2150E333-8FDC-42A3-9474-1A3956D46DE8}") = "src", "src", "{827E0CD3-B72D-47B6-A68D-7590B98EB39B}"
EndProject
Project("{FAE04EC0-301F-11D3-BF4B-00C04F79EFBC}") = "Linger.Audit", "src\Linger.Audit\Linger.Audit.csproj", "{D10263A6-DADA-8785-490F-24BD6B8BCAFE}"
EndProject
Project("{FAE04EC0-301F-11D3-BF4B-00C04F79EFBC}") = "Linger.EFCore.Audit", "src\Linger.EFCore.Audit\Linger.EFCore.Audit.csproj", "{BD1DE8C4-2425-A899-AFD2-78F58C9CC5BB}"
EndProject
Project("{FAE04EC0-301F-11D3-BF4B-00C04F79EFBC}") = "Linger.EFCore", "src\Linger.EFCore\Linger.EFCore.csproj", "{29090B58-C880-7D1D-F2B7-B9EDDD67DEDC}"
EndProject
Project("{FAE04EC0-301F-11D3-BF4B-00C04F79EFBC}") = "Linger", "src\Linger\Linger.csproj", "{A07C744A-1F5C-107F-D0AA-FD53AEC7C798}"
EndProject
Project("{2150E333-8FDC-42A3-9474-1A3956D46DE8}") = "tests", "tests", "{0AB3BF05-4346-4AA6-1389-037BE0695223}"
EndProject
Project("{FAE04EC0-301F-11D3-BF4B-00C04F79EFBC}") = "Linger.EFCore.Audit.UnitTests", "tests\Linger.EFCore.Audit.UnitTests\Linger.EFCore.Audit.UnitTests.csproj", "{08C4A8A9-C92A-4ABD-9720-099F704AE250}"
EndProject
Project("{FAE04EC0-301F-11D3-BF4B-00C04F79EFBC}") = "Linger.UnitTests", "tests\Linger.UnitTests\Linger.UnitTests.csproj", "{74358696-51CD-3C35-C352-0F889F747093}"
EndProject
Project("{FAE04EC0-301F-11D3-BF4B-00C04F79EFBC}") = "Linger.EFCore.UnitTests", "tests\Linger.EFCore.UnitTests\Linger.EFCore.UnitTests.csproj", "{23C9C3F7-4A4B-4026-B2D1-FCD725C10F27}"
EndProject
Global
	GlobalSection(SolutionConfigurationPlatforms) = preSolution
		Debug|Any CPU = Debug|Any CPU
		Release|Any CPU = Release|Any CPU
	EndGlobalSection
	GlobalSection(ProjectConfigurationPlatforms) = postSolution
		{D10263A6-DADA-8785-490F-24BD6B8BCAFE}.Debug|Any CPU.ActiveCfg = Debug|Any CPU
		{D10263A6-DADA-8785-490F-24BD6B8BCAFE}.Debug|Any CPU.Build.0 = Debug|Any CPU
		{D10263A6-DADA-8785-490F-24BD6B8BCAFE}.Release|Any CPU.ActiveCfg = Release|Any CPU
		{D10263A6-DADA-8785-490F-24BD6B8BCAFE}.Release|Any CPU.Build.0 = Release|Any CPU
		{BD1DE8C4-2425-A899-AFD2-78F58C9CC5BB}.Debug|Any CPU.ActiveCfg = Debug|Any CPU
		{BD1DE8C4-2425-A899-AFD2-78F58C9CC5BB}.Debug|Any CPU.Build.0 = Debug|Any CPU
		{BD1DE8C4-2425-A899-AFD2-78F58C9CC5BB}.Release|Any CPU.ActiveCfg = Release|Any CPU
		{BD1DE8C4-2425-A899-AFD2-78F58C9CC5BB}.Release|Any CPU.Build.0 = Release|Any CPU
		{29090B58-C880-7D1D-F2B7-B9EDDD67DEDC}.Debug|Any CPU.ActiveCfg = Debug|Any CPU
		{29090B58-C880-7D1D-F2B7-B9EDDD67DEDC}.Debug|Any CPU.Build.0 = Debug|Any CPU
		{29090B58-C880-7D1D-F2B7-B9EDDD67DEDC}.Release|Any CPU.ActiveCfg = Release|Any CPU
		{29090B58-C880-7D1D-F2B7-B9EDDD67DEDC}.Release|Any CPU.Build.0 = Release|Any CPU
		{A07C744A-1F5C-107F-D0AA-FD53AEC7C798}.Debug|Any CPU.ActiveCfg = Debug|Any CPU
		{A07C744A-1F5C-107F-D0AA-FD53AEC7C798}.Debug|Any CPU.Build.0 = Debug|Any CPU
		{A07C744A-1F5C-107F-D0AA-FD53AEC7C798}.Release|Any CPU.ActiveCfg = Release|Any CPU
		{A07C744A-1F5C-107F-D0AA-FD53AEC7C798}.Release|Any CPU.Build.0 = Release|Any CPU
		{08C4A8A9-C92A-4ABD-9720-099F704AE250}.Debug|Any CPU.ActiveCfg = Debug|Any CPU
		{08C4A8A9-C92A-4ABD-9720-099F704AE250}.Debug|Any CPU.Build.0 = Debug|Any CPU
		{08C4A8A9-C92A-4ABD-9720-099F704AE250}.Release|Any CPU.ActiveCfg = Release|Any CPU
		{08C4A8A9-C92A-4ABD-9720-099F704AE250}.Release|Any CPU.Build.0 = Release|Any CPU
		{74358696-51CD-3C35-C352-0F889F747093}.Debug|Any CPU.ActiveCfg = Debug|Any CPU
		{74358696-51CD-3C35-C352-0F889F747093}.Debug|Any CPU.Build.0 = Debug|Any CPU
		{74358696-51CD-3C35-C352-0F889F747093}.Release|Any CPU.ActiveCfg = Release|Any CPU
		{74358696-51CD-3C35-C352-0F889F747093}.Release|Any CPU.Build.0 = Release|Any CPU
		{23C9C3F7-4A4B-4026-B2D1-FCD725C10F27}.Debug|Any CPU.ActiveCfg = Debug|Any CPU
		{23C9C3F7-4A4B-4026-B2D1-FCD725C10F27}.Debug|Any CPU.Build.0 = Debug|Any CPU
		{23C9C3F7-4A4B-4026-B2D1-FCD725C10F27}.Release|Any CPU.ActiveCfg = Release|Any CPU
		{23C9C3F7-4A4B-4026-B2D1-FCD725C10F27}.Release|Any CPU.Build.0 = Release|Any CPU
	EndGlobalSection
	GlobalSection(SolutionProperties) = preSolution
		HideSolutionNode = FALSE
	EndGlobalSection
	GlobalSection(NestedProjects) = preSolution
		{D10263A6-DADA-8785-490F-24BD6B8BCAFE} = {827E0CD3-B72D-47B6-A68D-7590B98EB39B}
		{BD1DE8C4-2425-A899-AFD2-78F58C9CC5BB} = {827E0CD3-B72D-47B6-A68D-7590B98EB39B}
		{29090B58-C880-7D1D-F2B7-B9EDDD67DEDC} = {827E0CD3-B72D-47B6-A68D-7590B98EB39B}
		{A07C744A-1F5C-107F-D0AA-FD53AEC7C798} = {827E0CD3-B72D-47B6-A68D-7590B98EB39B}
		{08C4A8A9-C92A-4ABD-9720-099F704AE250} = {0AB3BF05-4346-4AA6-1389-037BE0695223}
		{74358696-51CD-3C35-C352-0F889F747093} = {0AB3BF05-4346-4AA6-1389-037BE0695223}
		{23C9C3F7-4A4B-4026-B2D1-FCD725C10F27} = {0AB3BF05-4346-4AA6-1389-037BE0695223}
	EndGlobalSection
	GlobalSection(ExtensibilityGlobals) = postSolution
		SolutionGuid = {BA77FD4B-C84A-4587-AC49-1F6D670640B5}
	EndGlobalSection
EndGlobal
